{
  "name": "timer-extension",
  "lockfileVersion": 3,
  "requires": true,
  "packages": {
    "": {
      "devDependencies": {
        "@types/chrome": "^0.0.246"
      }
    },
    "node_modules/@types/chrome": {
      "version": "0.0.246",
      "resolved": "https://registry.npmjs.org/@types/chrome/-/chrome-0.0.246.tgz",
      "integrity": "sha512-MxGxEomGxsJiL9xe/7ZwVgwdn8XVKWbPvxpVQl3nWOjrS0Ce63JsfzxUc4aU3GvRcUPYsfufHmJ17BFyKxeA4g==",
      "dev": true,
      "dependencies": {
        "@types/filesystem": "*",
        "@types/har-format": "*"
      }
    },
    "node_modules/@types/filesystem": {
      "version": "0.0.32",
      "resolved": "https://registry.npmjs.org/@types/filesystem/-/filesystem-0.0.32.tgz",
      "integrity": "sha512-Yuf4jR5YYMR2DVgwuCiP11s0xuVRyPKmz8vo6HBY3CGdeMj8af93CFZX+T82+VD1+UqHOxTq31lO7MI7lepBtQ==",
      "dev": true,
      "dependencies": {
        "@types/filewriter": "*"
      }
    },
    "node_modules/@types/filewriter": {
      "version": "0.0.29",
      "resolved": "https://registry.npmjs.org/@types/filewriter/-/filewriter-0.0.29.tgz",
      "integrity": "sha512-BsPXH/irW0ht0Ji6iw/jJaK8Lj3FJemon2gvEqHKpCdDCeemHa+rI3WBGq5z7cDMZgoLjY40oninGxqk+8NzNQ==",
      "dev": true
    },
    "node_modules/@types/har-format": {
      "version": "1.2.12",
      "resolved": "https://registry.npmjs.org/@types/har-format/-/har-format-1.2.12.tgz",
      "integrity": "sha512-P20p/YBrqUBmzD6KhIQ8EiY4/RRzlekL4eCvfQnulFPfjmiGxKIoyCeI7qam5I7oKH3P8EU4ptEi0EfyGoLysw==",
      "dev": true
    }
  }
}
